
Microsoft Visual Studio Solution File, Format Version 12.00
# Visual Studio Version 17
VisualStudioVersion = 17.5.33424.131
MinimumVisualStudioVersion = 10.0.40219.1
Project("{FAE04EC0-301F-11D3-BF4B-00C04F79EFBC}") = "VarKeyword", "VarKeyword\VarKeyword.csproj", "{8D3BA1BE-4E62-4B8B-8BD7-75A3EE81A765}"
EndProject
Global
	GlobalSection(SolutionConfigurationPlatforms) = preSolution
		Debug|Any CPU = Debug|Any CPU
		Release|Any CPU = Release|Any CPU
	EndGlobalSection
	GlobalSection(ProjectConfigurationPlatforms) = postSolution
		{8D3BA1BE-4E62-4B8B-8BD7-75A3EE81A765}.Debug|Any CPU.ActiveCfg = Debug|Any CPU
		{8D3BA1BE-4E62-4B8B-8BD7-75A3EE81A765}.Debug|Any CPU.Build.0 = Debug|Any CPU
		{8D3BA1BE-4E62-4B8B-8BD7-75A3EE81A765}.Release|Any CPU.ActiveCfg = Release|Any CPU
		{8D3BA1BE-4E62-4B8B-8BD7-75A3EE81A765}.Release|Any CPU.Build.0 = Release|Any CPU
	EndGlobalSection
	GlobalSection(SolutionProperties) = preSolution
		HideSolutionNode = FALSE
	EndGlobalSection
	GlobalSection(ExtensibilityGlobals) = postSolution
		SolutionGuid = {CDE944FE-F46C-415E-A629-07137E32A121}
	EndGlobalSection
EndGlobal
